
Microsoft Visual Studio Solution File, Format Version 11.00
# Visual Studio 2010
Project("{2150E333-8FDC-42A3-9474-1A3956D46DE8}") = "Site", "Site", "{8E2034EF-1199-4FEA-A45D-AA8BE44D4472}"
EndProject
Project("{FAE04EC0-301F-11D3-BF4B-00C04F79EFBC}") = "Syn.SSO", "Site\Syn.SSO\Syn.SSO.csproj", "{6FCD55F2-DA86-4606-8055-C77EE27F74DC}"
EndProject
Project("{2150E333-8FDC-42A3-9474-1A3956D46DE8}") = "Model", "Model", "{A29BA3EA-2639-489C-856A-3B2C5D5AD83C}"
EndProject
Project("{FAE04EC0-301F-11D3-BF4B-00C04F79EFBC}") = "Mdl.SSO", "Model\Mdl.SSO\Mdl.SSO.csproj", "{0E8D7774-0271-4587-ABDC-8606AB004FA0}"
EndProject
Project("{FAE04EC0-301F-11D3-BF4B-00C04F79EFBC}") = "Mdl.Entity", "Model\Mdl.Entity\Mdl.Entity.csproj", "{D79DB454-D0AC-4A35-B7CB-722E998C0CB1}"
EndProject
Project("{FAE04EC0-301F-11D3-BF4B-00C04F79EFBC}") = "Syn.GDSC2", "Model\Syn.GDSC2\Syn.GDSC2.csproj", "{1864D2D0-4A0A-4DD8-B4A5-A7EBEA654574}"
EndProject
Project("{FAE04EC0-301F-11D3-BF4B-00C04F79EFBC}") = "Syn.Special", "Model\Syn.Special\Syn.Special.csproj", "{55599E4E-8111-4331-9D6B-C92808E1FCC6}"
EndProject
Project("{FAE04EC0-301F-11D3-BF4B-00C04F79EFBC}") = "Syn.Utility", "Model\Syn.Utility\Syn.Utility.csproj", "{A9C4BA57-A6A8-4BCF-973C-CC9E0D38E409}"
EndProject
Project("{FAE04EC0-301F-11D3-BF4B-00C04F79EFBC}") = "Mdl.API", "Model\Mdl.API\Mdl.API.csproj", "{AC07BBFF-5826-4259-9FCA-10C2D44DFE5E}"
EndProject
Global
	GlobalSection(SolutionConfigurationPlatforms) = preSolution
		Debug|Any CPU = Debug|Any CPU
		Debug|x86 = Debug|x86
		Release|Any CPU = Release|Any CPU
		Release|x86 = Release|x86
	EndGlobalSection
	GlobalSection(ProjectConfigurationPlatforms) = postSolution
		{6FCD55F2-DA86-4606-8055-C77EE27F74DC}.Debug|Any CPU.ActiveCfg = Debug|Any CPU
		{6FCD55F2-DA86-4606-8055-C77EE27F74DC}.Debug|Any CPU.Build.0 = Debug|Any CPU
		{6FCD55F2-DA86-4606-8055-C77EE27F74DC}.Debug|x86.ActiveCfg = Debug|Any CPU
		{6FCD55F2-DA86-4606-8055-C77EE27F74DC}.Release|Any CPU.ActiveCfg = Release|Any CPU
		{6FCD55F2-DA86-4606-8055-C77EE27F74DC}.Release|Any CPU.Build.0 = Release|Any CPU
		{6FCD55F2-DA86-4606-8055-C77EE27F74DC}.Release|x86.ActiveCfg = Release|Any CPU
		{0E8D7774-0271-4587-ABDC-8606AB004FA0}.Debug|Any CPU.ActiveCfg = Debug|Any CPU
		{0E8D7774-0271-4587-ABDC-8606AB004FA0}.Debug|Any CPU.Build.0 = Debug|Any CPU
		{0E8D7774-0271-4587-ABDC-8606AB004FA0}.Debug|x86.ActiveCfg = Debug|Any CPU
		{0E8D7774-0271-4587-ABDC-8606AB004FA0}.Release|Any CPU.ActiveCfg = Release|Any CPU
		{0E8D7774-0271-4587-ABDC-8606AB004FA0}.Release|Any CPU.Build.0 = Release|Any CPU
		{0E8D7774-0271-4587-ABDC-8606AB004FA0}.Release|x86.ActiveCfg = Release|Any CPU
		{D79DB454-D0AC-4A35-B7CB-722E998C0CB1}.Debug|Any CPU.ActiveCfg = Debug|Any CPU
		{D79DB454-D0AC-4A35-B7CB-722E998C0CB1}.Debug|Any CPU.Build.0 = Debug|Any CPU
		{D79DB454-D0AC-4A35-B7CB-722E998C0CB1}.Debug|x86.ActiveCfg = Debug|Any CPU
		{D79DB454-D0AC-4A35-B7CB-722E998C0CB1}.Release|Any CPU.ActiveCfg = Release|Any CPU
		{D79DB454-D0AC-4A35-B7CB-722E998C0CB1}.Release|Any CPU.Build.0 = Release|Any CPU
		{D79DB454-D0AC-4A35-B7CB-722E998C0CB1}.Release|x86.ActiveCfg = Release|Any CPU
		{1864D2D0-4A0A-4DD8-B4A5-A7EBEA654574}.Debug|Any CPU.ActiveCfg = Debug|Any CPU
		{1864D2D0-4A0A-4DD8-B4A5-A7EBEA654574}.Debug|Any CPU.Build.0 = Debug|Any CPU
		{1864D2D0-4A0A-4DD8-B4A5-A7EBEA654574}.Debug|x86.ActiveCfg = Debug|x86
		{1864D2D0-4A0A-4DD8-B4A5-A7EBEA654574}.Debug|x86.Build.0 = Debug|x86
		{1864D2D0-4A0A-4DD8-B4A5-A7EBEA654574}.Release|Any CPU.ActiveCfg = Release|Any CPU
		{1864D2D0-4A0A-4DD8-B4A5-A7EBEA654574}.Release|Any CPU.Build.0 = Release|Any CPU
		{1864D2D0-4A0A-4DD8-B4A5-A7EBEA654574}.Release|x86.ActiveCfg = Release|x86
		{1864D2D0-4A0A-4DD8-B4A5-A7EBEA654574}.Release|x86.Build.0 = Release|x86
		{55599E4E-8111-4331-9D6B-C92808E1FCC6}.Debug|Any CPU.ActiveCfg = Debug|Any CPU
		{55599E4E-8111-4331-9D6B-C92808E1FCC6}.Debug|Any CPU.Build.0 = Debug|Any CPU
		{55599E4E-8111-4331-9D6B-C92808E1FCC6}.Debug|x86.ActiveCfg = Debug|x86
		{55599E4E-8111-4331-9D6B-C92808E1FCC6}.Debug|x86.Build.0 = Debug|x86
		{55599E4E-8111-4331-9D6B-C92808E1FCC6}.Release|Any CPU.ActiveCfg = Release|Any CPU
		{55599E4E-8111-4331-9D6B-C92808E1FCC6}.Release|Any CPU.Build.0 = Release|Any CPU
		{55599E4E-8111-4331-9D6B-C92808E1FCC6}.Release|x86.ActiveCfg = Release|x86
		{55599E4E-8111-4331-9D6B-C92808E1FCC6}.Release|x86.Build.0 = Release|x86
		{A9C4BA57-A6A8-4BCF-973C-CC9E0D38E409}.Debug|Any CPU.ActiveCfg = Debug|Any CPU
		{A9C4BA57-A6A8-4BCF-973C-CC9E0D38E409}.Debug|Any CPU.Build.0 = Debug|Any CPU
		{A9C4BA57-A6A8-4BCF-973C-CC9E0D38E409}.Debug|x86.ActiveCfg = Debug|x86
		{A9C4BA57-A6A8-4BCF-973C-CC9E0D38E409}.Debug|x86.Build.0 = Debug|x86
		{A9C4BA57-A6A8-4BCF-973C-CC9E0D38E409}.Release|Any CPU.ActiveCfg = Release|Any CPU
		{A9C4BA57-A6A8-4BCF-973C-CC9E0D38E409}.Release|Any CPU.Build.0 = Release|Any CPU
		{A9C4BA57-A6A8-4BCF-973C-CC9E0D38E409}.Release|x86.ActiveCfg = Release|x86
		{A9C4BA57-A6A8-4BCF-973C-CC9E0D38E409}.Release|x86.Build.0 = Release|x86
		{AC07BBFF-5826-4259-9FCA-10C2D44DFE5E}.Debug|Any CPU.ActiveCfg = Debug|Any CPU
		{AC07BBFF-5826-4259-9FCA-10C2D44DFE5E}.Debug|Any CPU.Build.0 = Debug|Any CPU
		{AC07BBFF-5826-4259-9FCA-10C2D44DFE5E}.Debug|x86.ActiveCfg = Debug|Any CPU
		{AC07BBFF-5826-4259-9FCA-10C2D44DFE5E}.Release|Any CPU.ActiveCfg = Release|Any CPU
		{AC07BBFF-5826-4259-9FCA-10C2D44DFE5E}.Release|Any CPU.Build.0 = Release|Any CPU
		{AC07BBFF-5826-4259-9FCA-10C2D44DFE5E}.Release|x86.ActiveCfg = Release|Any CPU
	EndGlobalSection
	GlobalSection(SolutionProperties) = preSolution
		HideSolutionNode = FALSE
	EndGlobalSection
	GlobalSection(NestedProjects) = preSolution
		{6FCD55F2-DA86-4606-8055-C77EE27F74DC} = {8E2034EF-1199-4FEA-A45D-AA8BE44D4472}
		{0E8D7774-0271-4587-ABDC-8606AB004FA0} = {A29BA3EA-2639-489C-856A-3B2C5D5AD83C}
		{D79DB454-D0AC-4A35-B7CB-722E998C0CB1} = {A29BA3EA-2639-489C-856A-3B2C5D5AD83C}
		{1864D2D0-4A0A-4DD8-B4A5-A7EBEA654574} = {A29BA3EA-2639-489C-856A-3B2C5D5AD83C}
		{55599E4E-8111-4331-9D6B-C92808E1FCC6} = {A29BA3EA-2639-489C-856A-3B2C5D5AD83C}
		{A9C4BA57-A6A8-4BCF-973C-CC9E0D38E409} = {A29BA3EA-2639-489C-856A-3B2C5D5AD83C}
		{AC07BBFF-5826-4259-9FCA-10C2D44DFE5E} = {A29BA3EA-2639-489C-856A-3B2C5D5AD83C}
	EndGlobalSection
EndGlobal
